
Microsoft Visual Studio Solution File, Format Version 12.00
# Visual Studio 15
VisualStudioVersion = 15.0.27428.2015
MinimumVisualStudioVersion = 10.0.40219.1
Project("{9A19103F-16F7-4668-BE54-9A1E7A4F7556}") = "continuous-web.tests", "continuous-web.tests.csproj", "{DD0A7DE7-0447-46A9-AEF2-E3221EAD98C9}"
EndProject
Global
	GlobalSection(SolutionConfigurationPlatforms) = preSolution
		Debug|Any CPU = Debug|Any CPU
		Release|Any CPU = Release|Any CPU
	EndGlobalSection
	GlobalSection(ProjectConfigurationPlatforms) = postSolution
		{DD0A7DE7-0447-46A9-AEF2-E3221EAD98C9}.Debug|Any CPU.ActiveCfg = Debug|Any CPU
		{DD0A7DE7-0447-46A9-AEF2-E3221EAD98C9}.Debug|Any CPU.Build.0 = Debug|Any CPU
		{DD0A7DE7-0447-46A9-AEF2-E3221EAD98C9}.Release|Any CPU.ActiveCfg = Release|Any CPU
		{DD0A7DE7-0447-46A9-AEF2-E3221EAD98C9}.Release|Any CPU.Build.0 = Release|Any CPU
	EndGlobalSection
	GlobalSection(SolutionProperties) = preSolution
		HideSolutionNode = FALSE
	EndGlobalSection
	GlobalSection(ExtensibilityGlobals) = postSolution
		SolutionGuid = {A64F340C-C9C2-41F4-A609-D6784AD232EE}
	EndGlobalSection
EndGlobal
